Microsoft Visual Studio Solution File, Format Version 12.00
# Visual Studio Version 17
VisualStudioVersion = 17.5.2.0
MinimumVisualStudioVersion = 10.0.40219.1
Project("{FAE04EC0-301F-11D3-BF4B-00C04F79EFBC}") = "Chartify.Api", "Chartify.Api.csproj", "{5330A63A-DF96-758A-0B62-31FBFFA44AB9}"
EndProject
Global
	GlobalSection(SolutionConfigurationPlatforms) = preSolution
		Debug|Any CPU = Debug|Any CPU
		Release|Any CPU = Release|Any CPU
	EndGlobalSection
	GlobalSection(ProjectConfigurationPlatforms) = postSolution
		{5330A63A-DF96-758A-0B62-31FBFFA44AB9}.Debug|Any CPU.ActiveCfg = Debug|Any CPU
		{5330A63A-DF96-758A-0B62-31FBFFA44AB9}.Debug|Any CPU.Build.0 = Debug|Any CPU
		{5330A63A-DF96-758A-0B62-31FBFFA44AB9}.Release|Any CPU.ActiveCfg = Release|Any CPU
		{5330A63A-DF96-758A-0B62-31FBFFA44AB9}.Release|Any CPU.Build.0 = Release|Any CPU
	EndGlobalSection
	GlobalSection(SolutionProperties) = preSolution
		HideSolutionNode = FALSE
	EndGlobalSection
	GlobalSection(ExtensibilityGlobals) = postSolution
		SolutionGuid = {A846A722-861D-44E6-9081-4A38B861F7CE}
	EndGlobalSection
EndGlobal
